github.com/cactus/gologit v0.0.0-20160418030801-e808dfaee730 h1:S8j8qlzHwJMm8byiI+nq5q6n0dmjtwLmF61UuYvkBRg=
github.com/cactus/gologit v0.0.0-20160418030801-e808dfaee730/go.mod h1:+KansAV3ZV8N3A6fG8HnRgVQTf12zyCx63o+PawGot4=
github.com/jessevdk/go-flags v1.4.0 h1:4IU2WS7AumrZ/40jfhf4QVDMsQwqA7VEHozFRrGARJA=
github.com/jessevdk/go-flags v1.4.0/go.mod h1:4FA24M0QyGHXBuZZK/XkWh8h0e1EYbRYJSGM75WSRxI=
